
Microsoft Visual Studio Solution File, Format Version 12.00
# Visual Studio Version 16
VisualStudioVersion = 16.0.30128.74
MinimumVisualStudioVersion = 15.0.26124.0
Project("{9A19103F-16F7-4668-BE54-9A1E7A4F7556}") = "MOP.Core", "src\MOP.Core\MOP.Core.csproj", "{3C5F01F0-DF5E-465A-9A57-05FD60FACC91}"
EndProject
Project("{9A19103F-16F7-4668-BE54-9A1E7A4F7556}") = "MOP.Host", "src\MOP.Host\MOP.Host.csproj", "{7A16648C-1A00-440F-BDE2-83E77197E371}"
EndProject
Project("{9A19103F-16F7-4668-BE54-9A1E7A4F7556}") = "MOP.Host.Test", "tests\MOP.Host.Test\MOP.Host.Test.csproj", "{D0DDCAE7-3576-4A1B-A185-F03FC1268813}"
EndProject
Project("{2150E333-8FDC-42A3-9474-1A3956D46DE8}") = "Solution Items", "Solution Items", "{80FD3376-99B2-4E9A-8C51-E8314CF17803}"
	ProjectSection(SolutionItems) = preProject
		.editorconfig = .editorconfig
	EndProjectSection
EndProject
Project("{9A19103F-16F7-4668-BE54-9A1E7A4F7556}") = "MOP.Terminal", "src\MOP.Terminal\MOP.Terminal.csproj", "{04816151-0371-495C-BAB8-D087E9E48F7A}"
EndProject
Project("{9A19103F-16F7-4668-BE54-9A1E7A4F7556}") = "_build", "build\_build.csproj", "{CC3C9ECD-BF99-44AB-B674-B64F5EB20589}"
EndProject
Project("{9A19103F-16F7-4668-BE54-9A1E7A4F7556}") = "MOP.Core.Test", "tests\MOP.Core.Test\MOP.Core.Test.csproj", "{ECAA6D63-75F4-4BF4-9CFB-F2AC3DF7530C}"
EndProject
Project("{2150E333-8FDC-42A3-9474-1A3956D46DE8}") = "Plugins", "Plugins", "{5F594F66-B1DD-40A3-960E-37940FF24EC6}"
EndProject
Project("{9A19103F-16F7-4668-BE54-9A1E7A4F7556}") = "MOP.RemoteInterfaceProtocol", "src\Plugins\MOP.RemoteInterfaceProtocol\MOP.RemoteInterfaceProtocol.csproj", "{7E4E00F7-A726-4041-9C30-12060B7ED7C5}"
EndProject
Project("{9A19103F-16F7-4668-BE54-9A1E7A4F7556}") = "MOP.Ping", "src\Plugins\MOP.Ping\MOP.Ping.csproj", "{0CE22B1C-099C-4738-BC43-FEC828BAB80F}"
EndProject
Global
	GlobalSection(SolutionConfigurationPlatforms) = preSolution
		Debug|Any CPU = Debug|Any CPU
		Debug|x64 = Debug|x64
		Debug|x86 = Debug|x86
		Release|Any CPU = Release|Any CPU
		Release|x64 = Release|x64
		Release|x86 = Release|x86
	EndGlobalSection
	GlobalSection(ProjectConfigurationPlatforms) = postSolution
		{3C5F01F0-DF5E-465A-9A57-05FD60FACC91}.Debug|Any CPU.ActiveCfg = Debug|Any CPU
		{3C5F01F0-DF5E-465A-9A57-05FD60FACC91}.Debug|Any CPU.Build.0 = Debug|Any CPU
		{3C5F01F0-DF5E-465A-9A57-05FD60FACC91}.Debug|x64.ActiveCfg = Debug|Any CPU
		{3C5F01F0-DF5E-465A-9A57-05FD60FACC91}.Debug|x64.Build.0 = Debug|Any CPU
		{3C5F01F0-DF5E-465A-9A57-05FD60FACC91}.Debug|x86.ActiveCfg = Debug|Any CPU
		{3C5F01F0-DF5E-465A-9A57-05FD60FACC91}.Debug|x86.Build.0 = Debug|Any CPU
		{3C5F01F0-DF5E-465A-9A57-05FD60FACC91}.Release|Any CPU.ActiveCfg = Release|Any CPU
		{3C5F01F0-DF5E-465A-9A57-05FD60FACC91}.Release|Any CPU.Build.0 = Release|Any CPU
		{3C5F01F0-DF5E-465A-9A57-05FD60FACC91}.Release|x64.ActiveCfg = Release|Any CPU
		{3C5F01F0-DF5E-465A-9A57-05FD60FACC91}.Release|x64.Build.0 = Release|Any CPU
		{3C5F01F0-DF5E-465A-9A57-05FD60FACC91}.Release|x86.ActiveCfg = Release|Any CPU
		{3C5F01F0-DF5E-465A-9A57-05FD60FACC91}.Release|x86.Build.0 = Release|Any CPU
		{7A16648C-1A00-440F-BDE2-83E77197E371}.Debug|Any CPU.ActiveCfg = Debug|Any CPU
		{7A16648C-1A00-440F-BDE2-83E77197E371}.Debug|Any CPU.Build.0 = Debug|Any CPU
		{7A16648C-1A00-440F-BDE2-83E77197E371}.Debug|x64.ActiveCfg = Debug|Any CPU
		{7A16648C-1A00-440F-BDE2-83E77197E371}.Debug|x64.Build.0 = Debug|Any CPU
		{7A16648C-1A00-440F-BDE2-83E77197E371}.Debug|x86.ActiveCfg = Debug|Any CPU
		{7A16648C-1A00-440F-BDE2-83E77197E371}.Debug|x86.Build.0 = Debug|Any CPU
		{7A16648C-1A00-440F-BDE2-83E77197E371}.Release|Any CPU.ActiveCfg = Release|Any CPU
		{7A16648C-1A00-440F-BDE2-83E77197E371}.Release|Any CPU.Build.0 = Release|Any CPU
		{7A16648C-1A00-440F-BDE2-83E77197E371}.Release|x64.ActiveCfg = Release|Any CPU
		{7A16648C-1A00-440F-BDE2-83E77197E371}.Release|x64.Build.0 = Release|Any CPU
		{7A16648C-1A00-440F-BDE2-83E77197E371}.Release|x86.ActiveCfg = Release|Any CPU
		{7A16648C-1A00-440F-BDE2-83E77197E371}.Release|x86.Build.0 = Release|Any CPU
		{D0DDCAE7-3576-4A1B-A185-F03FC1268813}.Debug|Any CPU.ActiveCfg = Debug|Any CPU
		{D0DDCAE7-3576-4A1B-A185-F03FC1268813}.Debug|Any CPU.Build.0 = Debug|Any CPU
		{D0DDCAE7-3576-4A1B-A185-F03FC1268813}.Debug|x64.ActiveCfg = Debug|Any CPU
		{D0DDCAE7-3576-4A1B-A185-F03FC1268813}.Debug|x64.Build.0 = Debug|Any CPU
		{D0DDCAE7-3576-4A1B-A185-F03FC1268813}.Debug|x86.ActiveCfg = Debug|Any CPU
		{D0DDCAE7-3576-4A1B-A185-F03FC1268813}.Debug|x86.Build.0 = Debug|Any CPU
		{D0DDCAE7-3576-4A1B-A185-F03FC1268813}.Release|Any CPU.ActiveCfg = Release|Any CPU
		{D0DDCAE7-3576-4A1B-A185-F03FC1268813}.Release|Any CPU.Build.0 = Release|Any CPU
		{D0DDCAE7-3576-4A1B-A185-F03FC1268813}.Release|x64.ActiveCfg = Release|Any CPU
		{D0DDCAE7-3576-4A1B-A185-F03FC1268813}.Release|x64.Build.0 = Release|Any CPU
		{D0DDCAE7-3576-4A1B-A185-F03FC1268813}.Release|x86.ActiveCfg = Release|Any CPU
		{D0DDCAE7-3576-4A1B-A185-F03FC1268813}.Release|x86.Build.0 = Release|Any CPU
		{04816151-0371-495C-BAB8-D087E9E48F7A}.Debug|Any CPU.ActiveCfg = Debug|Any CPU
		{04816151-0371-495C-BAB8-D087E9E48F7A}.Debug|Any CPU.Build.0 = Debug|Any CPU
		{04816151-0371-495C-BAB8-D087E9E48F7A}.Debug|x64.ActiveCfg = Debug|Any CPU
		{04816151-0371-495C-BAB8-D087E9E48F7A}.Debug|x64.Build.0 = Debug|Any CPU
		{04816151-0371-495C-BAB8-D087E9E48F7A}.Debug|x86.ActiveCfg = Debug|Any CPU
		{04816151-0371-495C-BAB8-D087E9E48F7A}.Debug|x86.Build.0 = Debug|Any CPU
		{04816151-0371-495C-BAB8-D087E9E48F7A}.Release|Any CPU.ActiveCfg = Release|Any CPU
		{04816151-0371-495C-BAB8-D087E9E48F7A}.Release|Any CPU.Build.0 = Release|Any CPU
		{04816151-0371-495C-BAB8-D087E9E48F7A}.Release|x64.ActiveCfg = Release|Any CPU
		{04816151-0371-495C-BAB8-D087E9E48F7A}.Release|x64.Build.0 = Release|Any CPU
		{04816151-0371-495C-BAB8-D087E9E48F7A}.Release|x86.ActiveCfg = Release|Any CPU
		{04816151-0371-495C-BAB8-D087E9E48F7A}.Release|x86.Build.0 = Release|Any CPU
		{CC3C9ECD-BF99-44AB-B674-B64F5EB20589}.Debug|Any CPU.ActiveCfg = Debug|Any CPU
		{CC3C9ECD-BF99-44AB-B674-B64F5EB20589}.Debug|Any CPU.Build.0 = Debug|Any CPU
		{CC3C9ECD-BF99-44AB-B674-B64F5EB20589}.Debug|x64.ActiveCfg = Debug|Any CPU
		{CC3C9ECD-BF99-44AB-B674-B64F5EB20589}.Debug|x64.Build.0 = Debug|Any CPU
		{CC3C9ECD-BF99-44AB-B674-B64F5EB20589}.Debug|x86.ActiveCfg = Debug|Any CPU
		{CC3C9ECD-BF99-44AB-B674-B64F5EB20589}.Debug|x86.Build.0 = Debug|Any CPU
		{CC3C9ECD-BF99-44AB-B674-B64F5EB20589}.Release|Any CPU.ActiveCfg = Release|Any CPU
		{CC3C9ECD-BF99-44AB-B674-B64F5EB20589}.Release|Any CPU.Build.0 = Release|Any CPU
		{CC3C9ECD-BF99-44AB-B674-B64F5EB20589}.Release|x64.ActiveCfg = Release|Any CPU
		{CC3C9ECD-BF99-44AB-B674-B64F5EB20589}.Release|x64.Build.0 = Release|Any CPU
		{CC3C9ECD-BF99-44AB-B674-B64F5EB20589}.Release|x86.ActiveCfg = Release|Any CPU
		{CC3C9ECD-BF99-44AB-B674-B64F5EB20589}.Release|x86.Build.0 = Release|Any CPU
		{ECAA6D63-75F4-4BF4-9CFB-F2AC3DF7530C}.Debug|Any CPU.ActiveCfg = Debug|Any CPU
		{ECAA6D63-75F4-4BF4-9CFB-F2AC3DF7530C}.Debug|Any CPU.Build.0 = Debug|Any CPU
		{ECAA6D63-75F4-4BF4-9CFB-F2AC3DF7530C}.Debug|x64.ActiveCfg = Debug|Any CPU
		{ECAA6D63-75F4-4BF4-9CFB-F2AC3DF7530C}.Debug|x64.Build.0 = Debug|Any CPU
		{ECAA6D63-75F4-4BF4-9CFB-F2AC3DF7530C}.Debug|x86.ActiveCfg = Debug|Any CPU
		{ECAA6D63-75F4-4BF4-9CFB-F2AC3DF7530C}.Debug|x86.Build.0 = Debug|Any CPU
		{ECAA6D63-75F4-4BF4-9CFB-F2AC3DF7530C}.Release|Any CPU.ActiveCfg = Release|Any CPU
		{ECAA6D63-75F4-4BF4-9CFB-F2AC3DF7530C}.Release|Any CPU.Build.0 = Release|Any CPU
		{ECAA6D63-75F4-4BF4-9CFB-F2AC3DF7530C}.Release|x64.ActiveCfg = Release|Any CPU
		{ECAA6D63-75F4-4BF4-9CFB-F2AC3DF7530C}.Release|x64.Build.0 = Release|Any CPU
		{ECAA6D63-75F4-4BF4-9CFB-F2AC3DF7530C}.Release|x86.ActiveCfg = Release|Any CPU
		{ECAA6D63-75F4-4BF4-9CFB-F2AC3DF7530C}.Release|x86.Build.0 = Release|Any CPU
		{7E4E00F7-A726-4041-9C30-12060B7ED7C5}.Debug|Any CPU.ActiveCfg = Debug|Any CPU
		{7E4E00F7-A726-4041-9C30-12060B7ED7C5}.Debug|Any CPU.Build.0 = Debug|Any CPU
		{7E4E00F7-A726-4041-9C30-12060B7ED7C5}.Debug|x64.ActiveCfg = Debug|Any CPU
		{7E4E00F7-A726-4041-9C30-12060B7ED7C5}.Debug|x64.Build.0 = Debug|Any CPU
		{7E4E00F7-A726-4041-9C30-12060B7ED7C5}.Debug|x86.ActiveCfg = Debug|Any CPU
		{7E4E00F7-A726-4041-9C30-12060B7ED7C5}.Debug|x86.Build.0 = Debug|Any CPU
		{7E4E00F7-A726-4041-9C30-12060B7ED7C5}.Release|Any CPU.ActiveCfg = Release|Any CPU
		{7E4E00F7-A726-4041-9C30-12060B7ED7C5}.Release|Any CPU.Build.0 = Release|Any CPU
		{7E4E00F7-A726-4041-9C30-12060B7ED7C5}.Release|x64.ActiveCfg = Release|Any CPU
		{7E4E00F7-A726-4041-9C30-12060B7ED7C5}.Release|x64.Build.0 = Release|Any CPU
		{7E4E00F7-A726-4041-9C30-12060B7ED7C5}.Release|x86.ActiveCfg = Release|Any CPU
		{7E4E00F7-A726-4041-9C30-12060B7ED7C5}.Release|x86.Build.0 = Release|Any CPU
		{0CE22B1C-099C-4738-BC43-FEC828BAB80F}.Debug|Any CPU.ActiveCfg = Debug|Any CPU
		{0CE22B1C-099C-4738-BC43-FEC828BAB80F}.Debug|Any CPU.Build.0 = Debug|Any CPU
		{0CE22B1C-099C-4738-BC43-FEC828BAB80F}.Debug|x64.ActiveCfg = Debug|Any CPU
		{0CE22B1C-099C-4738-BC43-FEC828BAB80F}.Debug|x64.Build.0 = Debug|Any CPU
		{0CE22B1C-099C-4738-BC43-FEC828BAB80F}.Debug|x86.ActiveCfg = Debug|Any CPU
		{0CE22B1C-099C-4738-BC43-FEC828BAB80F}.Debug|x86.Build.0 = Debug|Any CPU
		{0CE22B1C-099C-4738-BC43-FEC828BAB80F}.Release|Any CPU.ActiveCfg = Release|Any CPU
		{0CE22B1C-099C-4738-BC43-FEC828BAB80F}.Release|Any CPU.Build.0 = Release|Any CPU
		{0CE22B1C-099C-4738-BC43-FEC828BAB80F}.Release|x64.ActiveCfg = Release|Any CPU
		{0CE22B1C-099C-4738-BC43-FEC828BAB80F}.Release|x64.Build.0 = Release|Any CPU
		{0CE22B1C-099C-4738-BC43-FEC828BAB80F}.Release|x86.ActiveCfg = Release|Any CPU
		{0CE22B1C-099C-4738-BC43-FEC828BAB80F}.Release|x86.Build.0 = Release|Any CPU
	EndGlobalSection
	GlobalSection(SolutionProperties) = preSolution
		HideSolutionNode = FALSE
	EndGlobalSection
	GlobalSection(NestedProjects) = preSolution
		{7E4E00F7-A726-4041-9C30-12060B7ED7C5} = {5F594F66-B1DD-40A3-960E-37940FF24EC6}
		{0CE22B1C-099C-4738-BC43-FEC828BAB80F} = {5F594F66-B1DD-40A3-960E-37940FF24EC6}
	EndGlobalSection
	GlobalSection(ExtensibilityGlobals) = postSolution
		SolutionGuid = {4B65ED4F-1802-4CA7-8E11-825A0B62E401}
	EndGlobalSection
EndGlobal
